// !$*UTF8*$!
{
	archiveVersion = 1;
	classes = {
	};
	objectVersion = 56;
	objects = {

/* Begin PBXBuildFile section */
		487D1141299B60360093BB34 /* AppDelegate.swift in Sources */ = {isa = PBXBuildFile; fileRef = 487D1140299B60360093BB34 /* AppDelegate.swift */; };
		487D1143299B60360093BB34 /* SceneDelegate.swift in Sources */ = {isa = PBXBuildFile; fileRef = 487D1142299B60360093BB34 /* SceneDelegate.swift */; };
		487D1145299B60360093BB34 /* HeadlinesViewController.swift in Sources */ = {isa = PBXBuildFile; fileRef = 487D1144299B60360093BB34 /* HeadlinesViewController.swift */; };
		487D1148299B60360093BB34 /* Main.storyboard in Resources */ = {isa = PBXBuildFile; fileRef = 487D1146299B60360093BB34 /* Main.storyboard */; };
		487D114A299B60370093BB34 /* Assets.xcassets in Resources */ = {isa = PBXBuildFile; fileRef = 487D1149299B60370093BB34 /* Assets.xcassets */; };
		487D114D299B60370093BB34 /* LaunchScreen.storyboard in Resources */ = {isa = PBXBuildFile; fileRef = 487D114B299B60370093BB34 /* LaunchScreen.storyboard */; };
		487D1158299B60370093BB34 /* NewsTests.swift in Sources */ = {isa = PBXBuildFile; fileRef = 487D1157299B60370093BB34 /* NewsTests.swift */; };
		487D1162299B60370093BB34 /* NewsUITests.swift in Sources */ = {isa = PBXBuildFile; fileRef = 487D1161299B60370093BB34 /* NewsUITests.swift */; };
		487D1164299B60370093BB34 /* NewsUITestsLaunchTests.swift in Sources */ = {isa = PBXBuildFile; fileRef = 487D1163299B60370093BB34 /* NewsUITestsLaunchTests.swift */; };
		487D1172299B60480093BB34 /* NewsArticle.swift in Sources */ = {isa = PBXBuildFile; fileRef = 487D1171299B60480093BB34 /* NewsArticle.swift */; };
		487D1175299B60980093BB34 /* APICaller.swift in Sources */ = {isa = PBXBuildFile; fileRef = 487D1174299B60980093BB34 /* APICaller.swift */; };
		48CEA08F299B6CB100C871D1 /* NewsCell.swift in Sources */ = {isa = PBXBuildFile; fileRef = 48CEA08E299B6CB100C871D1 /* NewsCell.swift */; };
/* End PBXBuildFile section */

/* Begin PBXContainerItemProxy section */
		487D1154299B60370093BB34 /* PBXContainerItemProxy */ = {
			isa = PBXContainerItemProxy;
			containerPortal = 487D1135299B60360093BB34 /* Project object */;
			proxyType = 1;
			remoteGlobalIDString = 487D113C299B60360093BB34;
			remoteInfo = News;
		};
		487D115E299B60370093BB34 /* PBXContainerItemProxy */ = {
			isa = PBXContainerItemProxy;
			containerPortal = 487D1135299B60360093BB34 /* Project object */;
			proxyType = 1;
			remoteGlobalIDString = 487D113C299B60360093BB34;
			remoteInfo = News;
		};
/* End PBXContainerItemProxy section */

/* Begin PBXFileReference section */
		487D113D299B60360093BB34 /* News.app */ = {isa = PBXFileReference; explicitFileType = wrapper.application; includeInIndex = 0; path = News.app; sourceTree = BUILT_PRODUCTS_DIR; };
		487D1140299B60360093BB34 /* AppDelegate.swift */ = {isa = PBXFileReference; lastKnownFileType = sourcecode.swift; path = AppDelegate.swift; sourceTree = "<group>"; };
		487D1142299B60360093BB34 /* SceneDelegate.swift */ = {isa = PBXFileReference; lastKnownFileType = sourcecode.swift; path = SceneDelegate.swift; sourceTree = "<group>"; };
		487D1144299B60360093BB34 /* HeadlinesViewController.swift */ = {isa = PBXFileReference; lastKnownFileType = sourcecode.swift; path = HeadlinesViewController.swift; sourceTree = "<group>"; };
		487D1147299B60360093BB34 /* Base */ = {isa = PBXFileReference; lastKnownFileType = file.storyboard; name = Base; path = Base.lproj/Main.storyboard; sourceTree = "<group>"; };
		487D1149299B60370093BB34 /* Assets.xcassets */ = {isa = PBXFileReference; lastKnownFileType = folder.assetcatalog; path = Assets.xcassets; sourceTree = "<group>"; };
		487D114C299B60370093BB34 /* Base */ = {isa = PBXFileReference; lastKnownFileType = file.storyboard; name = Base; path = Base.lproj/LaunchScreen.storyboard; sourceTree = "<group>"; };
		487D114E299B60370093BB34 /* Info.plist */ = {isa = PBXFileReference; lastKnownFileType = text.plist.xml; path = Info.plist; sourceTree = "<group>"; };
		487D1153299B60370093BB34 /* NewsTests.xctest */ = {isa = PBXFileReference; explicitFileType = wrapper.cfbundle; includeInIndex = 0; path = NewsTests.xctest; sourceTree = BUILT_PRODUCTS_DIR; };
		487D1157299B60370093BB34 /* NewsTests.swift */ = {isa = PBXFileReference; lastKnownFileType = sourcecode.swift; path = NewsTests.swift; sourceTree = "<group>"; };
		487D115D299B60370093BB34 /* NewsUITests.xctest */ = {isa = PBXFileReference; explicitFileType = wrapper.cfbundle; includeInIndex = 0; path = NewsUITests.xctest; sourceTree = BUILT_PRODUCTS_DIR; };
		487D1161299B60370093BB34 /* NewsUITests.swift */ = {isa = PBXFileReference; lastKnownFileType = sourcecode.swift; path = NewsUITests.swift; sourceTree = "<group>"; };
		487D1163299B60370093BB34 /* NewsUITestsLaunchTests.swift */ = {isa = PBXFileReference; lastKnownFileType = sourcecode.swift; path = NewsUITestsLaunchTests.swift; sourceTree = "<group>"; };
		487D1171299B60480093BB34 /* NewsArticle.swift */ = {isa = PBXFileReference; lastKnownFileType = sourcecode.swift; path = NewsArticle.swift; sourceTree = "<group>"; };
		487D1174299B60980093BB34 /* APICaller.swift */ = {isa = PBXFileReference; lastKnownFileType = sourcecode.swift; path = APICaller.swift; sourceTree = "<group>"; };
		48CEA08E299B6CB100C871D1 /* NewsCell.swift */ = {isa = PBXFileReference; lastKnownFileType = sourcecode.swift; path = NewsCell.swift; sourceTree = "<group>"; };
/* End PBXFileReference section */

/* Begin PBXFrameworksBuildPhase section */
		487D113A299B60360093BB34 /* Frameworks */ = {
			isa = PBXFrameworksBuildPhase;
			buildActionMask = 2147483647;
			files = (
			);
			runOnlyForDeploymentPostprocessing = 0;
		};
		487D1150299B60370093BB34 /* Frameworks */ = {
			isa = PBXFrameworksBuildPhase;
			buildActionMask = 2147483647;
			files = (
			);
			runOnlyForDeploymentPostprocessing = 0;
		};
		487D115A299B60370093BB34 /* Frameworks */ = {
			isa = PBXFrameworksBuildPhase;
			buildActionMask = 2147483647;
			files = (
			);
			runOnlyForDeploymentPostprocessing = 0;
		};
/* End PBXFrameworksBuildPhase section */

/* Begin PBXGroup section */
		487D1134299B60360093BB34 = {
			isa = PBXGroup;
			children = (
				487D113F299B60360093BB34 /* News */,
				487D1156299B60370093BB34 /* NewsTests */,
				487D1160299B60370093BB34 /* NewsUITests */,
				487D113E299B60360093BB34 /* Products */,
			);
			sourceTree = "<group>";
		};
		487D113E299B60360093BB34 /* Products */ = {
			isa = PBXGroup;
			children = (
				487D113D299B60360093BB34 /* News.app */,
				487D1153299B60370093BB34 /* NewsTests.xctest */,
				487D115D299B60370093BB34 /* NewsUITests.xctest */,
			);
			name = Products;
			sourceTree = "<group>";
		};
		487D113F299B60360093BB34 /* News */ = {
			isa = PBXGroup;
			children = (
				48CEA08B299B6C7400C871D1 /* Views */,
				487D1176299B61C10093BB34 /* View Controllers */,
				487D1173299B604C0093BB34 /* Network */,
				487D1170299B603C0093BB34 /* Model */,
				487D1140299B60360093BB34 /* AppDelegate.swift */,
				487D1142299B60360093BB34 /* SceneDelegate.swift */,
				487D1149299B60370093BB34 /* Assets.xcassets */,
				487D114B299B60370093BB34 /* LaunchScreen.storyboard */,
				487D114E299B60370093BB34 /* Info.plist */,
			);
			path = News;
			sourceTree = "<group>";
		};
		487D1156299B60370093BB34 /* NewsTests */ = {
			isa = PBXGroup;
			children = (
				487D1157299B60370093BB34 /* NewsTests.swift */,
			);
			path = NewsTests;
			sourceTree = "<group>";
		};
		487D1160299B60370093BB34 /* NewsUITests */ = {
			isa = PBXGroup;
			children = (
				487D1161299B60370093BB34 /* NewsUITests.swift */,
				487D1163299B60370093BB34 /* NewsUITestsLaunchTests.swift */,
			);
			path = NewsUITests;
			sourceTree = "<group>";
		};
		487D1170299B603C0093BB34 /* Model */ = {
			isa = PBXGroup;
			children = (
				487D1171299B60480093BB34 /* NewsArticle.swift */,
			);
			path = Model;
			sourceTree = "<group>";
		};
		487D1173299B604C0093BB34 /* Network */ = {
			isa = PBXGroup;
			children = (
				487D1174299B60980093BB34 /* APICaller.swift */,
			);
			path = Network;
			sourceTree = "<group>";
		};
		487D1176299B61C10093BB34 /* View Controllers */ = {
			isa = PBXGroup;
			children = (
				487D1144299B60360093BB34 /* HeadlinesViewController.swift */,
			);
			path = "View Controllers";
			sourceTree = "<group>";
		};
		48CEA08B299B6C7400C871D1 /* Views */ = {
			isa = PBXGroup;
			children = (
				48CEA08D299B6C7D00C871D1 /* Storyboard */,
				48CEA08C299B6C7900C871D1 /* Cells */,
			);
			path = Views;
			sourceTree = "<group>";
		};
		48CEA08C299B6C7900C871D1 /* Cells */ = {
			isa = PBXGroup;
			children = (
				48CEA08E299B6CB100C871D1 /* NewsCell.swift */,
			);
			path = Cells;
			sourceTree = "<group>";
		};
		48CEA08D299B6C7D00C871D1 /* Storyboard */ = {
			isa = PBXGroup;
			children = (
				487D1146299B60360093BB34 /* Main.storyboard */,
			);
			path = Storyboard;
			sourceTree = "<group>";
		};
/* End PBXGroup section */

/* Begin PBXNativeTarget section */
		487D113C299B60360093BB34 /* News */ = {
			isa = PBXNativeTarget;
			buildConfigurationList = 487D1167299B60370093BB34 /* Build configuration list for PBXNativeTarget "News" */;
			buildPhases = (
				487D1139299B60360093BB34 /* Sources */,
				487D113A299B60360093BB34 /* Frameworks */,
				487D113B299B60360093BB34 /* Resources */,
			);
			buildRules = (
			);
			dependencies = (
			);
			name = News;
			productName = News;
			productReference = 487D113D299B60360093BB34 /* News.app */;
			productType = "com.apple.product-type.application";
		};
		487D1152299B60370093BB34 /* NewsTests */ = {
			isa = PBXNativeTarget;
			buildConfigurationList = 487D116A299B60370093BB34 /* Build configuration list for PBXNativeTarget "NewsTests" */;
			buildPhases = (
				487D114F299B60370093BB34 /* Sources */,
				487D1150299B60370093BB34 /* Frameworks */,
				487D1151299B60370093BB34 /* Resources */,
			);
			buildRules = (
			);
			dependencies = (
				487D1155299B60370093BB34 /* PBXTargetDependency */,
			);
			name = NewsTests;
			productName = NewsTests;
			productReference = 487D1153299B60370093BB34 /* NewsTests.xctest */;
			productType = "com.apple.product-type.bundle.unit-test";
		};
		487D115C299B60370093BB34 /* NewsUITests */ = {
			isa = PBXNativeTarget;
			buildConfigurationList = 487D116D299B60370093BB34 /* Build configuration list for PBXNativeTarget "NewsUITests" */;
			buildPhases = (
				487D1159299B60370093BB34 /* Sources */,
				487D115A299B60370093BB34 /* Frameworks */,
				487D115B299B60370093BB34 /* Resources */,
			);
			buildRules = (
			);
			dependencies = (
				487D115F299B60370093BB34 /* PBXTargetDependency */,
			);
			name = NewsUITests;
			productName = NewsUITests;
			productReference = 487D115D299B60370093BB34 /* NewsUITests.xctest */;
			productType = "com.apple.product-type.bundle.ui-testing";
		};
/* End PBXNativeTarget section */

/* Begin PBXProject section */
		487D1135299B60360093BB34 /* Project object */ = {
			isa = PBXProject;
			attributes = {
				BuildIndependentTargetsInParallel = 1;
				LastSwiftUpdateCheck = 1420;
				LastUpgradeCheck = 1420;
				TargetAttributes = {
					487D113C299B60360093BB34 = {
						CreatedOnToolsVersion = 14.2;
					};
					487D1152299B60370093BB34 = {
						CreatedOnToolsVersion = 14.2;
						TestTargetID = 487D113C299B60360093BB34;
					};
					487D115C299B60370093BB34 = {
						CreatedOnToolsVersion = 14.2;
						TestTargetID = 487D113C299B60360093BB34;
					};
				};
			};
			buildConfigurationList = 487D1138299B60360093BB34 /* Build configuration list for PBXProject "News" */;
			compatibilityVersion = "Xcode 14.0";
			developmentRegion = en;
			hasScannedForEncodings = 0;
			knownRegions = (
				en,
				Base,
			);
			mainGroup = 487D1134299B60360093BB34;
			productRefGroup = 487D113E299B60360093BB34 /* Products */;
			projectDirPath = "";
			projectRoot = "";
			targets = (
				487D113C299B60360093BB34 /* News */,
				487D1152299B60370093BB34 /* NewsTests */,
				487D115C299B60370093BB34 /* NewsUITests */,
			);
		};
/* End PBXProject section */

/* Begin PBXResourcesBuildPhase section */
		487D113B299B60360093BB34 /* Resources */ = {
			isa = PBXResourcesBuildPhase;
			buildActionMask = 2147483647;
			files = (
				487D114D299B60370093BB34 /* LaunchScreen.storyboard in Resources */,
				487D114A299B60370093BB34 /* Assets.xcassets in Resources */,
				487D1148299B60360093BB34 /* Main.storyboard in Resources */,
			);
			runOnlyForDeploymentPostprocessing = 0;
		};
		487D1151299B60370093BB34 /* Resources */ = {
			isa = PBXResourcesBuildPhase;
			buildActionMask = 2147483647;
			files = (
			);
			runOnlyForDeploymentPostprocessing = 0;
		};
		487D115B299B60370093BB34 /* Resources */ = {
			isa = PBXResourcesBuildPhase;
			buildActionMask = 2147483647;
			files = (
			);
			runOnlyForDeploymentPostprocessing = 0;
		};
/* End PBXResourcesBuildPhase section */

/* Begin PBXSourcesBuildPhase section */
		487D1139299B60360093BB34 /* Sources */ = {
			isa = PBXSourcesBuildPhase;
			buildActionMask = 2147483647;
			files = (
				487D1145299B60360093BB34 /* HeadlinesViewController.swift in Sources */,
				487D1172299B60480093BB34 /* NewsArticle.swift in Sources */,
				487D1141299B60360093BB34 /* AppDelegate.swift in Sources */,
				487D1175299B60980093BB34 /* APICaller.swift in Sources */,
				48CEA08F299B6CB100C871D1 /* NewsCell.swift in Sources */,
				487D1143299B60360093BB34 /* SceneDelegate.swift in Sources */,
			);
			runOnlyForDeploymentPostprocessing = 0;
		};
		487D114F299B60370093BB34 /* Sources */ = {
			isa = PBXSourcesBuildPhase;
			buildActionMask = 2147483647;
			files = (
				487D1158299B60370093BB34 /* NewsTests.swift in Sources */,
			);
			runOnlyForDeploymentPostprocessing = 0;
		};
		487D1159299B60370093BB34 /* Sources */ = {
			isa = PBXSourcesBuildPhase;
			buildActionMask = 2147483647;
			files = (
				487D1162299B60370093BB34 /* NewsUITests.swift in Sources */,
				487D1164299B60370093BB34 /* NewsUITestsLaunchTests.swift in Sources */,
			);
			runOnlyForDeploymentPostprocessing = 0;
		};
/* End PBXSourcesBuildPhase section */

/* Begin PBXTargetDependency section */
		487D1155299B60370093BB34 /* PBXTargetDependency */ = {
			isa = PBXTargetDependency;
			target = 487D113C299B60360093BB34 /* News */;
			targetProxy = 487D1154299B60370093BB34 /* PBXContainerItemProxy */;
		};
		487D115F299B60370093BB34 /* PBXTargetDependency */ = {
			isa = PBXTargetDependency;
			target = 487D113C299B60360093BB34 /* News */;
			targetProxy = 487D115E299B60370093BB34 /* PBXContainerItemProxy */;
		};
/* End PBXTargetDependency section */

/* Begin PBXVariantGroup section */
		487D1146299B60360093BB34 /* Main.storyboard */ = {
			isa = PBXVariantGroup;
			children = (
				487D1147299B60360093BB34 /* Base */,
			);
			name = Main.storyboard;
			sourceTree = "<group>";
		};
		487D114B299B60370093BB34 /* LaunchScreen.storyboard */ = {
			isa = PBXVariantGroup;
			children = (
				487D114C299B60370093BB34 /* Base */,
			);
			name = LaunchScreen.storyboard;
			sourceTree = "<group>";
		};
/* End PBXVariantGroup section */

/* Begin XCBuildConfiguration section */
		487D1165299B60370093BB34 /* Debug */ = {
			isa = XCBuildConfiguration;
			buildSettings = {
				ALWAYS_SEARCH_USER_PATHS = NO;
				CLANG_ANALYZER_NONNULL = YES;
				CLANG_ANALYZER_NUMBER_OBJECT_CONVERSION = YES_AGGRESSIVE;
				CLANG_CXX_LANGUAGE_STANDARD = "gnu++20";
				CLANG_ENABLE_MODULES = YES;
				CLANG_ENABLE_OBJC_ARC = YES;
				CLANG_ENABLE_OBJC_WEAK = YES;
				CLANG_WARN_BLOCK_CAPTURE_AUTORELEASING = YES;
				CLANG_WARN_BOOL_CONVERSION = YES;
				CLANG_WARN_COMMA = YES;
				CLANG_WARN_CONSTANT_CONVERSION = YES;
				CLANG_WARN_DEPRECATED_OBJC_IMPLEMENTATIONS = YES;
				CLANG_WARN_DIRECT_OBJC_ISA_USAGE = YES_ERROR;
				CLANG_WARN_DOCUMENTATION_COMMENTS = YES;
				CLANG_WARN_EMPTY_BODY = YES;
				CLANG_WARN_ENUM_CONVERSION = YES;
				CLANG_WARN_INFINITE_RECURSION = YES;
				CLANG_WARN_INT_CONVERSION = YES;
				CLANG_WARN_NON_LITERAL_NULL_CONVERSION = YES;
				CLANG_WARN_OBJC_IMPLICIT_RETAIN_SELF = YES;
				CLANG_WARN_OBJC_LITERAL_CONVERSION = YES;
				CLANG_WARN_OBJC_ROOT_CLASS = YES_ERROR;
				CLANG_WARN_QUOTED_INCLUDE_IN_FRAMEWORK_HEADER = YES;
				CLANG_WARN_RANGE_LOOP_ANALYSIS = YES;
				CLANG_WARN_STRICT_PROTOTYPES = YES;
				CLANG_WARN_SUSPICIOUS_MOVE = YES;
				CLANG_WARN_UNGUARDED_AVAILABILITY = YES_AGGRESSIVE;
				CLANG_WARN_UNREACHABLE_CODE = YES;
				CLANG_WARN__DUPLICATE_METHOD_MATCH = YES;
				COPY_PHASE_STRIP = NO;
				DEBUG_INFORMATION_FORMAT = dwarf;
				ENABLE_STRICT_OBJC_MSGSEND = YES;
				ENABLE_TESTABILITY = YES;
				GCC_C_LANGUAGE_STANDARD = gnu11;
				GCC_DYNAMIC_NO_PIC = NO;
				GCC_NO_COMMON_BLOCKS = YES;
				GCC_OPTIMIZATION_LEVEL = 0;
				GCC_PREPROCESSOR_DEFINITIONS = (
					"DEBUG=1",
					"$(inherited)",
				);
				GCC_WARN_64_TO_32_BIT_CONVERSION = YES;
				GCC_WARN_ABOUT_RETURN_TYPE = YES_ERROR;
				GCC_WARN_UNDECLARED_SELECTOR = YES;
				GCC_WARN_UNINITIALIZED_AUTOS = YES_AGGRESSIVE;
				GCC_WARN_UNUSED_FUNCTION = YES;
				GCC_WARN_UNUSED_VARIABLE = YES;
				IPHONEOS_DEPLOYMENT_TARGET = 16.2;
				MTL_ENABLE_DEBUG_INFO = INCLUDE_SOURCE;
				MTL_FAST_MATH = YES;
				ONLY_ACTIVE_ARCH = YES;
				SDKROOT = iphoneos;
				SWIFT_ACTIVE_COMPILATION_CONDITIONS = DEBUG;
				SWIFT_OPTIMIZATION_LEVEL = "-Onone";
			};
			name = Debug;
		};
		487D1166299B60370093BB34 /* Release */ = {
			isa = XCBuildConfiguration;
			buildSettings = {
				ALWAYS_SEARCH_USER_PATHS = NO;
				CLANG_ANALYZER_NONNULL = YES;
				CLANG_ANALYZER_NUMBER_OBJECT_CONVERSION = YES_AGGRESSIVE;
				CLANG_CXX_LANGUAGE_STANDARD = "gnu++20";
				CLANG_ENABLE_MODULES = YES;
				CLANG_ENABLE_OBJC_ARC = YES;
				CLANG_ENABLE_OBJC_WEAK = YES;
				CLANG_WARN_BLOCK_CAPTURE_AUTORELEASING = YES;
				CLANG_WARN_BOOL_CONVERSION = YES;
				CLANG_WARN_COMMA = YES;
				CLANG_WARN_CONSTANT_CONVERSION = YES;
				CLANG_WARN_DEPRECATED_OBJC_IMPLEMENTATIONS = YES;
				CLANG_WARN_DIRECT_OBJC_ISA_USAGE = YES_ERROR;
				CLANG_WARN_DOCUMENTATION_COMMENTS = YES;
				CLANG_WARN_EMPTY_BODY = YES;
				CLANG_WARN_ENUM_CONVERSION = YES;
				CLANG_WARN_INFINITE_RECURSION = YES;
				CLANG_WARN_INT_CONVERSION = YES;
				CLANG_WARN_NON_LITERAL_NULL_CONVERSION = YES;
				CLANG_WARN_OBJC_IMPLICIT_RETAIN_SELF = YES;
				CLANG_WARN_OBJC_LITERAL_CONVERSION = YES;
				CLANG_WARN_OBJC_ROOT_CLASS = YES_ERROR;
				CLANG_WARN_QUOTED_INCLUDE_IN_FRAMEWORK_HEADER = YES;
				CLANG_WARN_RANGE_LOOP_ANALYSIS = YES;
				CLANG_WARN_STRICT_PROTOTYPES = YES;
				CLANG_WARN_SUSPICIOUS_MOVE = YES;
				CLANG_WARN_UNGUARDED_AVAILABILITY = YES_AGGRESSIVE;
				CLANG_WARN_UNREACHABLE_CODE = YES;
				CLANG_WARN__DUPLICATE_METHOD_MATCH = YES;
				COPY_PHASE_STRIP = NO;
				DEBUG_INFORMATION_FORMAT = "dwarf-with-dsym";
				ENABLE_NS_ASSERTIONS = NO;
				ENABLE_STRICT_OBJC_MSGSEND = YES;
				GCC_C_LANGUAGE_STANDARD = gnu11;
				GCC_NO_COMMON_BLOCKS = YES;
				GCC_WARN_64_TO_32_BIT_CONVERSION = YES;
				GCC_WARN_ABOUT_RETURN_TYPE = YES_ERROR;
				GCC_WARN_UNDECLARED_SELECTOR = YES;
				GCC_WARN_UNINITIALIZED_AUTOS = YES_AGGRESSIVE;
				GCC_WARN_UNUSED_FUNCTION = YES;
				GCC_WARN_UNUSED_VARIABLE = YES;
				IPHONEOS_DEPLOYMENT_TARGET = 16.2;
				MTL_ENABLE_DEBUG_INFO = NO;
				MTL_FAST_MATH = YES;
				SDKROOT = iphoneos;
				SWIFT_COMPILATION_MODE = wholemodule;
				SWIFT_OPTIMIZATION_LEVEL = "-O";
				VALIDATE_PRODUCT = YES;
			};
			name = Release;
		};
		487D1168299B60370093BB34 /* Debug */ = {
			isa = XCBuildConfiguration;
			buildSettings = {
				ASSETCATALOG_COMPILER_APPICON_NAME = AppIcon;
				ASSETCATALOG_COMPILER_GLOBAL_ACCENT_COLOR_NAME = AccentColor;
				CODE_SIGN_STYLE = Automatic;
				CURRENT_PROJECT_VERSION = 1;
				DEVELOPMENT_TEAM = SBCRL8SBBK;
				GENERATE_INFOPLIST_FILE = YES;
				INFOPLIST_FILE = News/Info.plist;
				INFOPLIST_KEY_UIApplicationSupportsIndirectInputEvents = YES;
				INFOPLIST_KEY_UILaunchStoryboardName = LaunchScreen;
				INFOPLIST_KEY_UIMainStoryboardFile = Main;
				INFOPLIST_KEY_UIStatusBarStyle = "";
				INFOPLIST_KEY_UISupportedInterfaceOrientations_iPad = "UIInterfaceOrientationPortrait UIInterfaceOrientationPortraitUpsideDown UIInterfaceOrientationLandscapeLeft UIInterfaceOrientationLandscapeRight";
				INFOPLIST_KEY_UISupportedInterfaceOrientations_iPhone = "UIInterfaceOrientationPortrait UIInterfaceOrientationLandscapeLeft UIInterfaceOrientationLandscapeRight";
				LD_RUNPATH_SEARCH_PATHS = (
					"$(inherited)",
					"@executable_path/Frameworks",
				);
				MARKETING_VERSION = 1.0;
				PRODUCT_BUNDLE_IDENTIFIER = kabir.News;
				PRODUCT_NAME = "$(TARGET_NAME)";
				SWIFT_EMIT_LOC_STRINGS = YES;
				SWIFT_VERSION = 5.0;
				TARGETED_DEVICE_FAMILY = "1,2";
			};
			name = Debug;
		};
		487D1169299B60370093BB34 /* Release */ = {
			isa = XCBuildConfiguration;
			buildSettings = {
				ASSETCATALOG_COMPILER_APPICON_NAME = AppIcon;
				ASSETCATALOG_COMPILER_GLOBAL_ACCENT_COLOR_NAME = AccentColor;
				CODE_SIGN_STYLE = Automatic;
				CURRENT_PROJECT_VERSION = 1;
				DEVELOPMENT_TEAM = SBCRL8SBBK;
				GENERATE_INFOPLIST_FILE = YES;
				INFOPLIST_FILE = News/Info.plist;
				INFOPLIST_KEY_UIApplicationSupportsIndirectInputEvents = YES;
				INFOPLIST_KEY_UILaunchStoryboardName = LaunchScreen;
				INFOPLIST_KEY_UIMainStoryboardFile = Main;
				INFOPLIST_KEY_UIStatusBarStyle = "";
				INFOPLIST_KEY_UISupportedInterfaceOrientations_iPad = "UIInterfaceOrientationPortrait UIInterfaceOrientationPortraitUpsideDown UIInterfaceOrientationLandscapeLeft UIInterfaceOrientationLandscapeRight";
				INFOPLIST_KEY_UISupportedInterfaceOrientations_iPhone = "UIInterfaceOrientationPortrait UIInterfaceOrientationLandscapeLeft UIInterfaceOrientationLandscapeRight";
				LD_RUNPATH_SEARCH_PATHS = (
					"$(inherited)",
					"@executable_path/Frameworks",
				);
				MARKETING_VERSION = 1.0;
				PRODUCT_BUNDLE_IDENTIFIER = kabir.News;
				PRODUCT_NAME = "$(TARGET_NAME)";
				SWIFT_EMIT_LOC_STRINGS = YES;
				SWIFT_VERSION = 5.0;
				TARGETED_DEVICE_FAMILY = "1,2";
			};
			name = Release;
		};
		487D116B299B60370093BB34 /* Debug */ = {
			isa = XCBuildConfiguration;
			buildSettings = {
				ALWAYS_EMBED_SWIFT_STANDARD_LIBRARIES = YES;
				BUNDLE_LOADER = "$(TEST_HOST)";
				CODE_SIGN_STYLE = Automatic;
				CURRENT_PROJECT_VERSION = 1;
				DEVELOPMENT_TEAM = SBCRL8SBBK;
				GENERATE_INFOPLIST_FILE = YES;
				IPHONEOS_DEPLOYMENT_TARGET = 16.2;
				MARKETING_VERSION = 1.0;
				PRODUCT_BUNDLE_IDENTIFIER = kabir.NewsTests;
				PRODUCT_NAME = "$(TARGET_NAME)";
				SWIFT_EMIT_LOC_STRINGS = NO;
				SWIFT_VERSION = 5.0;
				TARGETED_DEVICE_FAMILY = "1,2";
				TEST_HOST = "$(BUILT_PRODUCTS_DIR)/News.app/$(BUNDLE_EXECUTABLE_FOLDER_PATH)/News";
			};
			name = Debug;
		};
		487D116C299B60370093BB34 /* Release */ = {
			isa = XCBuildConfiguration;
			buildSettings = {
				ALWAYS_EMBED_SWIFT_STANDARD_LIBRARIES = YES;
				BUNDLE_LOADER = "$(TEST_HOST)";
				CODE_SIGN_STYLE = Automatic;
				CURRENT_PROJECT_VERSION = 1;
				DEVELOPMENT_TEAM = SBCRL8SBBK;
				GENERATE_INFOPLIST_FILE = YES;
				IPHONEOS_DEPLOYMENT_TARGET = 16.2;
				MARKETING_VERSION = 1.0;
				PRODUCT_BUNDLE_IDENTIFIER = kabir.NewsTests;
				PRODUCT_NAME = "$(TARGET_NAME)";
				SWIFT_EMIT_LOC_STRINGS = NO;
				SWIFT_VERSION = 5.0;
				TARGETED_DEVICE_FAMILY = "1,2";
				TEST_HOST = "$(BUILT_PRODUCTS_DIR)/News.app/$(BUNDLE_EXECUTABLE_FOLDER_PATH)/News";
			};
			name = Release;
		};
		487D116E299B60370093BB34 /* Debug */ = {
			isa = XCBuildConfiguration;
			buildSettings = {
				ALWAYS_EMBED_SWIFT_STANDARD_LIBRARIES = YES;
				CODE_SIGN_STYLE = Automatic;
				CURRENT_PROJECT_VERSION = 1;
				DEVELOPMENT_TEAM = SBCRL8SBBK;
				GENERATE_INFOPLIST_FILE = YES;
				MARKETING_VERSION = 1.0;
				PRODUCT_BUNDLE_IDENTIFIER = kabir.NewsUITests;
				PRODUCT_NAME = "$(TARGET_NAME)";
				SWIFT_EMIT_LOC_STRINGS = NO;
				SWIFT_VERSION = 5.0;
				TARGETED_DEVICE_FAMILY = "1,2";
				TEST_TARGET_NAME = News;
			};
			name = Debug;
		};
		487D116F299B60370093BB34 /* Release */ = {
			isa = XCBuildConfiguration;
			buildSettings = {
				ALWAYS_EMBED_SWIFT_STANDARD_LIBRARIES = YES;
				CODE_SIGN_STYLE = Automatic;
				CURRENT_PROJECT_VERSION = 1;
				DEVELOPMENT_TEAM = SBCRL8SBBK;
				GENERATE_INFOPLIST_FILE = YES;
				MARKETING_VERSION = 1.0;
				PRODUCT_BUNDLE_IDENTIFIER = kabir.NewsUITests;
				PRODUCT_NAME = "$(TARGET_NAME)";
				SWIFT_EMIT_LOC_STRINGS = NO;
				SWIFT_VERSION = 5.0;
				TARGETED_DEVICE_FAMILY = "1,2";
				TEST_TARGET_NAME = News;
			};
			name = Release;
		};
/* End XCBuildConfiguration section */

/* Begin XCConfigurationList section */
		487D1138299B60360093BB34 /* Build configuration list for PBXProject "News" */ = {
			isa = XCConfigurationList;
			buildConfigurations = (
				487D1165299B60370093BB34 /* Debug */,
				487D1166299B60370093BB34 /* Release */,
			);
			defaultConfigurationIsVisible = 0;
			defaultConfigurationName = Release;
		};
		487D1167299B60370093BB34 /* Build configuration list for PBXNativeTarget "News" */ = {
			isa = XCConfigurationList;
			buildConfigurations = (
				487D1168299B60370093BB34 /* Debug */,
				487D1169299B60370093BB34 /* Release */,
			);
			defaultConfigurationIsVisible = 0;
			defaultConfigurationName = Release;
		};
		487D116A299B60370093BB34 /* Build configuration list for PBXNativeTarget "NewsTests" */ = {
			isa = XCConfigurationList;
			buildConfigurations = (
				487D116B299B60370093BB34 /* Debug */,
				487D116C299B60370093BB34 /* Release */,
			);
			defaultConfigurationIsVisible = 0;
			defaultConfigurationName = Release;
		};
		487D116D299B60370093BB34 /* Build configuration list for PBXNativeTarget "NewsUITests" */ = {
			isa = XCConfigurationList;
			buildConfigurations = (
				487D116E299B60370093BB34 /* Debug */,
				487D116F299B60370093BB34 /* Release */,
			);
			defaultConfigurationIsVisible = 0;
			defaultConfigurationName = Release;
		};
/* End XCConfigurationList section */
	};
	rootObject = 487D1135299B60360093BB34 /* Project object */;
}
